Microsoft Visual Studio Solution File, Format Version 12.00
# Visual Studio 15
VisualStudioVersion = 15.0.27428.2027
MinimumVisualStudioVersion = 10.0.40219.1
Project("{FAE04EC0-301F-11D3-BF4B-00C04F79EFBC}") = "laser", "laser\laser.csproj", "{0EE68FAD-273F-4C17-B863-91E27EC7A8DB}"
EndProject
Project("{FAE04EC0-301F-11D3-BF4B-00C04F79EFBC}") = "laser.iOS", "iOS\laser.iOS.csproj", "{9963B64E-531E-4D21-A92B-F74329880C43}"
EndProject
Project("{FAE04EC0-301F-11D3-BF4B-00C04F79EFBC}") = "laser.Droid", "Droid\laser.Droid.csproj", "{0419A28F-3F8D-422B-BF54-1B268F9BEBF1}"
EndProject
Project("{FAE04EC0-301F-11D3-BF4B-00C04F79EFBC}") = "laser.UITests", "UITests\laser.UITests.csproj", "{E8F3351A-CEDD-4966-8CFA-80704F4E54BA}"
EndProject
Global
	GlobalSection(SolutionConfigurationPlatforms) = preSolution
		Debug|Any CPU = Debug|Any CPU
		Debug|iPhone = Debug|iPhone
		Debug|iPhoneSimulator = Debug|iPhoneSimulator
		Release|Any CPU = Release|Any CPU
		Release|iPhone = Release|iPhone
		Release|iPhoneSimulator = Release|iPhoneSimulator
	EndGlobalSection
	GlobalSection(ProjectConfigurationPlatforms) = postSolution
		{0EE68FAD-273F-4C17-B863-91E27EC7A8DB}.Debug|Any CPU.ActiveCfg = Debug|Any CPU
		{0EE68FAD-273F-4C17-B863-91E27EC7A8DB}.Debug|Any CPU.Build.0 = Debug|Any CPU
		{0EE68FAD-273F-4C17-B863-91E27EC7A8DB}.Debug|iPhone.ActiveCfg = Debug|Any CPU
		{0EE68FAD-273F-4C17-B863-91E27EC7A8DB}.Debug|iPhone.Build.0 = Debug|Any CPU
		{0EE68FAD-273F-4C17-B863-91E27EC7A8DB}.Debug|iPhoneSimulator.ActiveCfg = Debug|Any CPU
		{0EE68FAD-273F-4C17-B863-91E27EC7A8DB}.Debug|iPhoneSimulator.Build.0 = Debug|Any CPU
		{0EE68FAD-273F-4C17-B863-91E27EC7A8DB}.Release|Any CPU.ActiveCfg = Release|Any CPU
		{0EE68FAD-273F-4C17-B863-91E27EC7A8DB}.Release|Any CPU.Build.0 = Release|Any CPU
		{0EE68FAD-273F-4C17-B863-91E27EC7A8DB}.Release|iPhone.ActiveCfg = Release|Any CPU
		{0EE68FAD-273F-4C17-B863-91E27EC7A8DB}.Release|iPhone.Build.0 = Release|Any CPU
		{0EE68FAD-273F-4C17-B863-91E27EC7A8DB}.Release|iPhoneSimulator.ActiveCfg = Release|Any CPU
		{0EE68FAD-273F-4C17-B863-91E27EC7A8DB}.Release|iPhoneSimulator.Build.0 = Release|Any CPU
		{9963B64E-531E-4D21-A92B-F74329880C43}.Debug|Any CPU.ActiveCfg = Debug|iPhoneSimulator
		{9963B64E-531E-4D21-A92B-F74329880C43}.Debug|Any CPU.Build.0 = Debug|iPhoneSimulator
		{9963B64E-531E-4D21-A92B-F74329880C43}.Debug|iPhone.ActiveCfg = Debug|iPhone
		{9963B64E-531E-4D21-A92B-F74329880C43}.Debug|iPhone.Build.0 = Debug|iPhone
		{9963B64E-531E-4D21-A92B-F74329880C43}.Debug|iPhoneSimulator.ActiveCfg = Debug|iPhoneSimulator
		{9963B64E-531E-4D21-A92B-F74329880C43}.Debug|iPhoneSimulator.Build.0 = Debug|iPhoneSimulator
		{9963B64E-531E-4D21-A92B-F74329880C43}.Release|Any CPU.ActiveCfg = Release|iPhone
		{9963B64E-531E-4D21-A92B-F74329880C43}.Release|Any CPU.Build.0 = Release|iPhone
		{9963B64E-531E-4D21-A92B-F74329880C43}.Release|iPhone.ActiveCfg = Release|iPhone
		{9963B64E-531E-4D21-A92B-F74329880C43}.Release|iPhone.Build.0 = Release|iPhone
		{9963B64E-531E-4D21-A92B-F74329880C43}.Release|iPhoneSimulator.ActiveCfg = Release|iPhoneSimulator
		{9963B64E-531E-4D21-A92B-F74329880C43}.Release|iPhoneSimulator.Build.0 = Release|iPhoneSimulator
		{0419A28F-3F8D-422B-BF54-1B268F9BEBF1}.Debug|Any CPU.ActiveCfg = Debug|Any CPU
		{0419A28F-3F8D-422B-BF54-1B268F9BEBF1}.Debug|Any CPU.Build.0 = Debug|Any CPU
		{0419A28F-3F8D-422B-BF54-1B268F9BEBF1}.Debug|iPhone.ActiveCfg = Debug|Any CPU
		{0419A28F-3F8D-422B-BF54-1B268F9BEBF1}.Debug|iPhone.Build.0 = Debug|Any CPU
		{0419A28F-3F8D-422B-BF54-1B268F9BEBF1}.Debug|iPhoneSimulator.ActiveCfg = Debug|Any CPU
		{0419A28F-3F8D-422B-BF54-1B268F9BEBF1}.Debug|iPhoneSimulator.Build.0 = Debug|Any CPU
		{0419A28F-3F8D-422B-BF54-1B268F9BEBF1}.Release|Any CPU.ActiveCfg = Release|Any CPU
		{0419A28F-3F8D-422B-BF54-1B268F9BEBF1}.Release|Any CPU.Build.0 = Release|Any CPU
		{0419A28F-3F8D-422B-BF54-1B268F9BEBF1}.Release|iPhone.ActiveCfg = Release|Any CPU
		{0419A28F-3F8D-422B-BF54-1B268F9BEBF1}.Release|iPhone.Build.0 = Release|Any CPU
		{0419A28F-3F8D-422B-BF54-1B268F9BEBF1}.Release|iPhoneSimulator.ActiveCfg = Release|Any CPU
		{0419A28F-3F8D-422B-BF54-1B268F9BEBF1}.Release|iPhoneSimulator.Build.0 = Release|Any CPU
		{E8F3351A-CEDD-4966-8CFA-80704F4E54BA}.Debug|Any CPU.ActiveCfg = Debug|Any CPU
		{E8F3351A-CEDD-4966-8CFA-80704F4E54BA}.Debug|Any CPU.Build.0 = Debug|Any CPU
		{E8F3351A-CEDD-4966-8CFA-80704F4E54BA}.Debug|iPhone.ActiveCfg = Debug|Any CPU
		{E8F3351A-CEDD-4966-8CFA-80704F4E54BA}.Debug|iPhone.Build.0 = Debug|Any CPU
		{E8F3351A-CEDD-4966-8CFA-80704F4E54BA}.Debug|iPhoneSimulator.ActiveCfg = Debug|Any CPU
		{E8F3351A-CEDD-4966-8CFA-80704F4E54BA}.Debug|iPhoneSimulator.Build.0 = Debug|Any CPU
		{E8F3351A-CEDD-4966-8CFA-80704F4E54BA}.Release|Any CPU.ActiveCfg = Release|Any CPU
		{E8F3351A-CEDD-4966-8CFA-80704F4E54BA}.Release|Any CPU.Build.0 = Release|Any CPU
		{E8F3351A-CEDD-4966-8CFA-80704F4E54BA}.Release|iPhone.ActiveCfg = Release|Any CPU
		{E8F3351A-CEDD-4966-8CFA-80704F4E54BA}.Release|iPhone.Build.0 = Release|Any CPU
		{E8F3351A-CEDD-4966-8CFA-80704F4E54BA}.Release|iPhoneSimulator.ActiveCfg = Release|Any CPU
		{E8F3351A-CEDD-4966-8CFA-80704F4E54BA}.Release|iPhoneSimulator.Build.0 = Release|Any CPU
	EndGlobalSection
	GlobalSection(SolutionProperties) = preSolution
		HideSolutionNode = FALSE
	EndGlobalSection
	GlobalSection(ExtensibilityGlobals) = postSolution
		SolutionGuid = {F82D1CD1-794F-49E0-A9D6-7695007F9168}
	EndGlobalSection
EndGlobal
